// !$*UTF8*$!
{
	archiveVersion = 1;
	classes = {
	};
	objectVersion = 48;
	objects = {

/* Begin PBXBuildFile section */
		FF38FF4D20C717CD00538F48 /* AppDelegate.swift in Sources */ = {isa = PBXBuildFile; fileRef = FF38FF4C20C717CD00538F48 /* AppDelegate.swift */; };
		FF38FF4F20C717CD00538F48 /* ViewController.swift in Sources */ = {isa = PBXBuildFile; fileRef = FF38FF4E20C717CD00538F48 /* ViewController.swift */; };
		FF38FF5220C717CD00538F48 /* Main.storyboard in Resources */ = {isa = PBXBuildFile; fileRef = FF38FF5020C717CD00538F48 /* Main.storyboard */; };
		FF38FF5520C717CD00538F48 /* Distance.xcdatamodeld in Sources */ = {isa = PBXBuildFile; fileRef = FF38FF5320C717CD00538F48 /* Distance.xcdatamodeld */; };
		FF38FF5720C717CD00538F48 /* Assets.xcassets in Resources */ = {isa = PBXBuildFile; fileRef = FF38FF5620C717CD00538F48 /* Assets.xcassets */; };
		FF38FF5A20C717CD00538F48 /* LaunchScreen.storyboard in Resources */ = {isa = PBXBuildFile; fileRef = FF38FF5820C717CD00538F48 /* LaunchScreen.storyboard */; };
		FF38FF6520C717CD00538F48 /* DistanceTests.swift in Sources */ = {isa = PBXBuildFile; fileRef = FF38FF6420C717CD00538F48 /* DistanceTests.swift */; };
		FF38FF7020C717CD00538F48 /* DistanceUITests.swift in Sources */ = {isa = PBXBuildFile; fileRef = FF38FF6F20C717CD00538F48 /* DistanceUITests.swift */; };
/* End PBXBuildFile section */

/* Begin PBXContainerItemProxy section */
		FF38FF6120C717CD00538F48 /* PBXContainerItemProxy */ = {
			isa = PBXContainerItemProxy;
			containerPortal = FF38FF4120C717CD00538F48 /* Project object */;
			proxyType = 1;
			remoteGlobalIDString = FF38FF4820C717CD00538F48;
			remoteInfo = Distance;
		};
		FF38FF6C20C717CD00538F48 /* PBXContainerItemProxy */ = {
			isa = PBXContainerItemProxy;
			containerPortal = FF38FF4120C717CD00538F48 /* Project object */;
			proxyType = 1;
			remoteGlobalIDString = FF38FF4820C717CD00538F48;
			remoteInfo = Distance;
		};
/* End PBXContainerItemProxy section */

/* Begin PBXFileReference section */
		FF38FF4920C717CD00538F48 /* Distance.app */ = {isa = PBXFileReference; explicitFileType = wrapper.application; includeInIndex = 0; path = Distance.app; sourceTree = BUILT_PRODUCTS_DIR; };
		FF38FF4C20C717CD00538F48 /* AppDelegate.swift */ = {isa = PBXFileReference; lastKnownFileType = sourcecode.swift; path = AppDelegate.swift; sourceTree = "<group>"; };
		FF38FF4E20C717CD00538F48 /* ViewController.swift */ = {isa = PBXFileReference; lastKnownFileType = sourcecode.swift; path = ViewController.swift; sourceTree = "<group>"; };
		FF38FF5120C717CD00538F48 /* Base */ = {isa = PBXFileReference; lastKnownFileType = file.storyboard; name = Base; path = Base.lproj/Main.storyboard; sourceTree = "<group>"; };
		FF38FF5420C717CD00538F48 /* Distance.xcdatamodel */ = {isa = PBXFileReference; lastKnownFileType = wrapper.xcdatamodel; path = Distance.xcdatamodel; sourceTree = "<group>"; };
		FF38FF5620C717CD00538F48 /* Assets.xcassets */ = {isa = PBXFileReference; lastKnownFileType = folder.assetcatalog; path = Assets.xcassets; sourceTree = "<group>"; };
		FF38FF5920C717CD00538F48 /* Base */ = {isa = PBXFileReference; lastKnownFileType = file.storyboard; name = Base; path = Base.lproj/LaunchScreen.storyboard; sourceTree = "<group>"; };
		FF38FF5B20C717CD00538F48 /* Info.plist */ = {isa = PBXFileReference; lastKnownFileType = text.plist.xml; path = Info.plist; sourceTree = "<group>"; };
		FF38FF6020C717CD00538F48 /* DistanceTests.xctest */ = {isa = PBXFileReference; explicitFileType = wrapper.cfbundle; includeInIndex = 0; path = DistanceTests.xctest; sourceTree = BUILT_PRODUCTS_DIR; };
		FF38FF6420C717CD00538F48 /* DistanceTests.swift */ = {isa = PBXFileReference; lastKnownFileType = sourcecode.swift; path = DistanceTests.swift; sourceTree = "<group>"; };
		FF38FF6620C717CD00538F48 /* Info.plist */ = {isa = PBXFileReference; lastKnownFileType = text.plist.xml; path = Info.plist; sourceTree = "<group>"; };
		FF38FF6B20C717CD00538F48 /* DistanceUITests.xctest */ = {isa = PBXFileReference; explicitFileType = wrapper.cfbundle; includeInIndex = 0; path = DistanceUITests.xctest; sourceTree = BUILT_PRODUCTS_DIR; };
		FF38FF6F20C717CD00538F48 /* DistanceUITests.swift */ = {isa = PBXFileReference; lastKnownFileType = sourcecode.swift; path = DistanceUITests.swift; sourceTree = "<group>"; };
		FF38FF7120C717CD00538F48 /* Info.plist */ = {isa = PBXFileReference; lastKnownFileType = text.plist.xml; path = Info.plist; sourceTree = "<group>"; };
/* End PBXFileReference section */

/* Begin PBXFrameworksBuildPhase section */
		FF38FF4620C717CD00538F48 /* Frameworks */ = {
			isa = PBXFrameworksBuildPhase;
			buildActionMask = 2147483647;
			files = (
			);
			runOnlyForDeploymentPostprocessing = 0;
		};
		FF38FF5D20C717CD00538F48 /* Frameworks */ = {
			isa = PBXFrameworksBuildPhase;
			buildActionMask = 2147483647;
			files = (
			);
			runOnlyForDeploymentPostprocessing = 0;
		};
		FF38FF6820C717CD00538F48 /* Frameworks */ = {
			isa = PBXFrameworksBuildPhase;
			buildActionMask = 2147483647;
			files = (
			);
			runOnlyForDeploymentPostprocessing = 0;
		};
/* End PBXFrameworksBuildPhase section */

/* Begin PBXGroup section */
		FF38FF4020C717CD00538F48 = {
			isa = PBXGroup;
			children = (
				FF38FF4B20C717CD00538F48 /* Distance */,
				FF38FF6320C717CD00538F48 /* DistanceTests */,
				FF38FF6E20C717CD00538F48 /* DistanceUITests */,
				FF38FF4A20C717CD00538F48 /* Products */,
			);
			sourceTree = "<group>";
		};
		FF38FF4A20C717CD00538F48 /* Products */ = {
			isa = PBXGroup;
			children = (
				FF38FF4920C717CD00538F48 /* Distance.app */,
				FF38FF6020C717CD00538F48 /* DistanceTests.xctest */,
				FF38FF6B20C717CD00538F48 /* DistanceUITests.xctest */,
			);
			name = Products;
			sourceTree = "<group>";
		};
		FF38FF4B20C717CD00538F48 /* Distance */ = {
			isa = PBXGroup;
			children = (
				FF38FF4C20C717CD00538F48 /* AppDelegate.swift */,
				FF38FF4E20C717CD00538F48 /* ViewController.swift */,
				FF38FF5020C717CD00538F48 /* Main.storyboard */,
				FF38FF5620C717CD00538F48 /* Assets.xcassets */,
				FF38FF5820C717CD00538F48 /* LaunchScreen.storyboard */,
				FF38FF5B20C717CD00538F48 /* Info.plist */,
				FF38FF5320C717CD00538F48 /* Distance.xcdatamodeld */,
			);
			path = Distance;
			sourceTree = "<group>";
		};
		FF38FF6320C717CD00538F48 /* DistanceTests */ = {
			isa = PBXGroup;
			children = (
				FF38FF6420C717CD00538F48 /* DistanceTests.swift */,
				FF38FF6620C717CD00538F48 /* Info.plist */,
			);
			path = DistanceTests;
			sourceTree = "<group>";
		};
		FF38FF6E20C717CD00538F48 /* DistanceUITests */ = {
			isa = PBXGroup;
			children = (
				FF38FF6F20C717CD00538F48 /* DistanceUITests.swift */,
				FF38FF7120C717CD00538F48 /* Info.plist */,
			);
			path = DistanceUITests;
			sourceTree = "<group>";
		};
/* End PBXGroup section */

/* Begin PBXNativeTarget section */
		FF38FF4820C717CD00538F48 /* Distance */ = {
			isa = PBXNativeTarget;
			buildConfigurationList = FF38FF7420C717CD00538F48 /* Build configuration list for PBXNativeTarget "Distance" */;
			buildPhases = (
				FF38FF4520C717CD00538F48 /* Sources */,
				FF38FF4620C717CD00538F48 /* Frameworks */,
				FF38FF4720C717CD00538F48 /* Resources */,
			);
			buildRules = (
			);
			dependencies = (
			);
			name = Distance;
			productName = Distance;
			productReference = FF38FF4920C717CD00538F48 /* Distance.app */;
			productType = "com.apple.product-type.application";
		};
		FF38FF5F20C717CD00538F48 /* DistanceTests */ = {
			isa = PBXNativeTarget;
			buildConfigurationList = FF38FF7720C717CD00538F48 /* Build configuration list for PBXNativeTarget "DistanceTests" */;
			buildPhases = (
				FF38FF5C20C717CD00538F48 /* Sources */,
				FF38FF5D20C717CD00538F48 /* Frameworks */,
				FF38FF5E20C717CD00538F48 /* Resources */,
			);
			buildRules = (
			);
			dependencies = (
				FF38FF6220C717CD00538F48 /* PBXTargetDependency */,
			);
			name = DistanceTests;
			productName = DistanceTests;
			productReference = FF38FF6020C717CD00538F48 /* DistanceTests.xctest */;
			productType = "com.apple.product-type.bundle.unit-test";
		};
		FF38FF6A20C717CD00538F48 /* DistanceUITests */ = {
			isa = PBXNativeTarget;
			buildConfigurationList = FF38FF7A20C717CD00538F48 /* Build configuration list for PBXNativeTarget "DistanceUITests" */;
			buildPhases = (
				FF38FF6720C717CD00538F48 /* Sources */,
				FF38FF6820C717CD00538F48 /* Frameworks */,
				FF38FF6920C717CD00538F48 /* Resources */,
			);
			buildRules = (
			);
			dependencies = (
				FF38FF6D20C717CD00538F48 /* PBXTargetDependency */,
			);
			name = DistanceUITests;
			productName = DistanceUITests;
			productReference = FF38FF6B20C717CD00538F48 /* DistanceUITests.xctest */;
			productType = "com.apple.product-type.bundle.ui-testing";
		};
/* End PBXNativeTarget section */

/* Begin PBXProject section */
		FF38FF4120C717CD00538F48 /* Project object */ = {
			isa = PBXProject;
			attributes = {
				LastSwiftUpdateCheck = 0900;
				LastUpgradeCheck = 0900;
				ORGANIZATIONNAME = "David Maitland";
				TargetAttributes = {
					FF38FF4820C717CD00538F48 = {
						CreatedOnToolsVersion = 9.0;
						ProvisioningStyle = Automatic;
					};
					FF38FF5F20C717CD00538F48 = {
						CreatedOnToolsVersion = 9.0;
						ProvisioningStyle = Automatic;
						TestTargetID = FF38FF4820C717CD00538F48;
					};
					FF38FF6A20C717CD00538F48 = {
						CreatedOnToolsVersion = 9.0;
						ProvisioningStyle = Automatic;
						TestTargetID = FF38FF4820C717CD00538F48;
					};
				};
			};
			buildConfigurationList = FF38FF4420C717CD00538F48 /* Build configuration list for PBXProject "Distance" */;
			compatibilityVersion = "Xcode 8.0";
			developmentRegion = en;
			hasScannedForEncodings = 0;
			knownRegions = (
				en,
				Base,
			);
			mainGroup = FF38FF4020C717CD00538F48;
			productRefGroup = FF38FF4A20C717CD00538F48 /* Products */;
			projectDirPath = "";
			projectRoot = "";
			targets = (
				FF38FF4820C717CD00538F48 /* Distance */,
				FF38FF5F20C717CD00538F48 /* DistanceTests */,
				FF38FF6A20C717CD00538F48 /* DistanceUITests */,
			);
		};
/* End PBXProject section */

/* Begin PBXResourcesBuildPhase section */
		FF38FF4720C717CD00538F48 /* Resources */ = {
			isa = PBXResourcesBuildPhase;
			buildActionMask = 2147483647;
			files = (
				FF38FF5A20C717CD00538F48 /* LaunchScreen.storyboard in Resources */,
				FF38FF5720C717CD00538F48 /* Assets.xcassets in Resources */,
				FF38FF5220C717CD00538F48 /* Main.storyboard in Resources */,
			);
			runOnlyForDeploymentPostprocessing = 0;
		};
		FF38FF5E20C717CD00538F48 /* Resources */ = {
			isa = PBXResourcesBuildPhase;
			buildActionMask = 2147483647;
			files = (
			);
			runOnlyForDeploymentPostprocessing = 0;
		};
		FF38FF6920C717CD00538F48 /* Resources */ = {
			isa = PBXResourcesBuildPhase;
			buildActionMask = 2147483647;
			files = (
			);
			runOnlyForDeploymentPostprocessing = 0;
		};
/* End PBXResourcesBuildPhase section */

/* Begin PBXSourcesBuildPhase section */
		FF38FF4520C717CD00538F48 /* Sources */ = {
			isa = PBXSourcesBuildPhase;
			buildActionMask = 2147483647;
			files = (
				FF38FF4F20C717CD00538F48 /* ViewController.swift in Sources */,
				FF38FF5520C717CD00538F48 /* Distance.xcdatamodeld in Sources */,
				FF38FF4D20C717CD00538F48 /* AppDelegate.swift in Sources */,
			);
			runOnlyForDeploymentPostprocessing = 0;
		};
		FF38FF5C20C717CD00538F48 /* Sources */ = {
			isa = PBXSourcesBuildPhase;
			buildActionMask = 2147483647;
			files = (
				FF38FF6520C717CD00538F48 /* DistanceTests.swift in Sources */,
			);
			runOnlyForDeploymentPostprocessing = 0;
		};
		FF38FF6720C717CD00538F48 /* Sources */ = {
			isa = PBXSourcesBuildPhase;
			buildActionMask = 2147483647;
			files = (
				FF38FF7020C717CD00538F48 /* DistanceUITests.swift in Sources */,
			);
			runOnlyForDeploymentPostprocessing = 0;
		};
/* End PBXSourcesBuildPhase section */

/* Begin PBXTargetDependency section */
		FF38FF6220C717CD00538F48 /* PBXTargetDependency */ = {
			isa = PBXTargetDependency;
			target = FF38FF4820C717CD00538F48 /* Distance */;
			targetProxy = FF38FF6120C717CD00538F48 /* PBXContainerItemProxy */;
		};
		FF38FF6D20C717CD00538F48 /* PBXTargetDependency */ = {
			isa = PBXTargetDependency;
			target = FF38FF4820C717CD00538F48 /* Distance */;
			targetProxy = FF38FF6C20C717CD00538F48 /* PBXContainerItemProxy */;
		};
/* End PBXTargetDependency section */

/* Begin PBXVariantGroup section */
		FF38FF5020C717CD00538F48 /* Main.storyboard */ = {
			isa = PBXVariantGroup;
			children = (
				FF38FF5120C717CD00538F48 /* Base */,
			);
			name = Main.storyboard;
			sourceTree = "<group>";
		};
		FF38FF5820C717CD00538F48 /* LaunchScreen.storyboard */ = {
			isa = PBXVariantGroup;
			children = (
				FF38FF5920C717CD00538F48 /* Base */,
			);
			name = LaunchScreen.storyboard;
			sourceTree = "<group>";
		};
/* End PBXVariantGroup section */

/* Begin XCBuildConfiguration section */
		FF38FF7220C717CD00538F48 /* Debug */ = {
			isa = XCBuildConfiguration;
			buildSettings = {
				ALWAYS_SEARCH_USER_PATHS = NO;
				CLANG_ANALYZER_NONNULL = YES;
				CLANG_ANALYZER_NUMBER_OBJECT_CONVERSION = YES_AGGRESSIVE;
				CLANG_CXX_LANGUAGE_STANDARD = "gnu++14";
				CLANG_CXX_LIBRARY = "libc++";
				CLANG_ENABLE_MODULES = YES;
				CLANG_ENABLE_OBJC_ARC = YES;
				CLANG_WARN_BLOCK_CAPTURE_AUTORELEASING = YES;
				CLANG_WARN_BOOL_CONVERSION = YES;
				CLANG_WARN_COMMA = YES;
				CLANG_WARN_CONSTANT_CONVERSION = YES;
				CLANG_WARN_DIRECT_OBJC_ISA_USAGE = YES_ERROR;
				CLANG_WARN_DOCUMENTATION_COMMENTS = YES;
				CLANG_WARN_EMPTY_BODY = YES;
				CLANG_WARN_ENUM_CONVERSION = YES;
				CLANG_WARN_INFINITE_RECURSION = YES;
				CLANG_WARN_INT_CONVERSION = YES;
				CLANG_WARN_NON_LITERAL_NULL_CONVERSION = YES;
				CLANG_WARN_OBJC_LITERAL_CONVERSION = YES;
				CLANG_WARN_OBJC_ROOT_CLASS = YES_ERROR;
				CLANG_WARN_RANGE_LOOP_ANALYSIS = YES;
				CLANG_WARN_STRICT_PROTOTYPES = YES;
				CLANG_WARN_SUSPICIOUS_MOVE = YES;
				CLANG_WARN_UNGUARDED_AVAILABILITY = YES_AGGRESSIVE;
				CLANG_WARN_UNREACHABLE_CODE = YES;
				CLANG_WARN__DUPLICATE_METHOD_MATCH = YES;
				CODE_SIGN_IDENTITY = "iPhone Developer";
				COPY_PHASE_STRIP = NO;
				DEBUG_INFORMATION_FORMAT = dwarf;
				ENABLE_STRICT_OBJC_MSGSEND = YES;
				ENABLE_TESTABILITY = YES;
				GCC_C_LANGUAGE_STANDARD = gnu11;
				GCC_DYNAMIC_NO_PIC = NO;
				GCC_NO_COMMON_BLOCKS = YES;
				GCC_OPTIMIZATION_LEVEL = 0;
				GCC_PREPROCESSOR_DEFINITIONS = (
					"DEBUG=1",
					"$(inherited)",
				);
				GCC_WARN_64_TO_32_BIT_CONVERSION = YES;
				GCC_WARN_ABOUT_RETURN_TYPE = YES_ERROR;
				GCC_WARN_UNDECLARED_SELECTOR = YES;
				GCC_WARN_UNINITIALIZED_AUTOS = YES_AGGRESSIVE;
				GCC_WARN_UNUSED_FUNCTION = YES;
				GCC_WARN_UNUSED_VARIABLE = YES;
				IPHONEOS_DEPLOYMENT_TARGET = 11.0;
				MTL_ENABLE_DEBUG_INFO = YES;
				ONLY_ACTIVE_ARCH = YES;
				SDKROOT = iphoneos;
				SWIFT_ACTIVE_COMPILATION_CONDITIONS = DEBUG;
				SWIFT_OPTIMIZATION_LEVEL = "-Onone";
			};
			name = Debug;
		};
		FF38FF7320C717CD00538F48 /* Release */ = {
			isa = XCBuildConfiguration;
			buildSettings = {
				ALWAYS_SEARCH_USER_PATHS = NO;
				CLANG_ANALYZER_NONNULL = YES;
				CLANG_ANALYZER_NUMBER_OBJECT_CONVERSION = YES_AGGRESSIVE;
				CLANG_CXX_LANGUAGE_STANDARD = "gnu++14";
				CLANG_CXX_LIBRARY = "libc++";
				CLANG_ENABLE_MODULES = YES;
				CLANG_ENABLE_OBJC_ARC = YES;
				CLANG_WARN_BLOCK_CAPTURE_AUTORELEASING = YES;
				CLANG_WARN_BOOL_CONVERSION = YES;
				CLANG_WARN_COMMA = YES;
				CLANG_WARN_CONSTANT_CONVERSION = YES;
				CLANG_WARN_DIRECT_OBJC_ISA_USAGE = YES_ERROR;
				CLANG_WARN_DOCUMENTATION_COMMENTS = YES;
				CLANG_WARN_EMPTY_BODY = YES;
				CLANG_WARN_ENUM_CONVERSION = YES;
				CLANG_WARN_INFINITE_RECURSION = YES;
				CLANG_WARN_INT_CONVERSION = YES;
				CLANG_WARN_NON_LITERAL_NULL_CONVERSION = YES;
				CLANG_WARN_OBJC_LITERAL_CONVERSION = YES;
				CLANG_WARN_OBJC_ROOT_CLASS = YES_ERROR;
				CLANG_WARN_RANGE_LOOP_ANALYSIS = YES;
				CLANG_WARN_STRICT_PROTOTYPES = YES;
				CLANG_WARN_SUSPICIOUS_MOVE = YES;
				CLANG_WARN_UNGUARDED_AVAILABILITY = YES_AGGRESSIVE;
				CLANG_WARN_UNREACHABLE_CODE = YES;
				CLANG_WARN__DUPLICATE_METHOD_MATCH = YES;
				CODE_SIGN_IDENTITY = "iPhone Developer";
				COPY_PHASE_STRIP = NO;
				DEBUG_INFORMATION_FORMAT = "dwarf-with-dsym";
				ENABLE_NS_ASSERTIONS = NO;
				ENABLE_STRICT_OBJC_MSGSEND = YES;
				GCC_C_LANGUAGE_STANDARD = gnu11;
				GCC_NO_COMMON_BLOCKS = YES;
				GCC_WARN_64_TO_32_BIT_CONVERSION = YES;
				GCC_WARN_ABOUT_RETURN_TYPE = YES_ERROR;
				GCC_WARN_UNDECLARED_SELECTOR = YES;
				GCC_WARN_UNINITIALIZED_AUTOS = YES_AGGRESSIVE;
				GCC_WARN_UNUSED_FUNCTION = YES;
				GCC_WARN_UNUSED_VARIABLE = YES;
				IPHONEOS_DEPLOYMENT_TARGET = 11.0;
				MTL_ENABLE_DEBUG_INFO = NO;
				SDKROOT = iphoneos;
				SWIFT_OPTIMIZATION_LEVEL = "-Owholemodule";
				VALIDATE_PRODUCT = YES;
			};
			name = Release;
		};
		FF38FF7520C717CD00538F48 /* Debug */ = {
			isa = XCBuildConfiguration;
			buildSettings = {
				ASSETCATALOG_COMPILER_APPICON_NAME = AppIcon;
				CODE_SIGN_STYLE = Automatic;
				DEVELOPMENT_TEAM = N42XN66DRL;
				INFOPLIST_FILE = Distance/Info.plist;
				LD_RUNPATH_SEARCH_PATHS = "$(inherited) @executable_path/Frameworks";
				PRODUCT_BUNDLE_IDENTIFIER = me.davidmaitland.Distance;
				PRODUCT_NAME = "$(TARGET_NAME)";
				SWIFT_VERSION = 4.0;
				TARGETED_DEVICE_FAMILY = "1,2";
			};
			name = Debug;
		};
		FF38FF7620C717CD00538F48 /* Release */ = {
			isa = XCBuildConfiguration;
			buildSettings = {
				ASSETCATALOG_COMPILER_APPICON_NAME = AppIcon;
				CODE_SIGN_STYLE = Automatic;
				DEVELOPMENT_TEAM = N42XN66DRL;
				INFOPLIST_FILE = Distance/Info.plist;
				LD_RUNPATH_SEARCH_PATHS = "$(inherited) @executable_path/Frameworks";
				PRODUCT_BUNDLE_IDENTIFIER = me.davidmaitland.Distance;
				PRODUCT_NAME = "$(TARGET_NAME)";
				SWIFT_VERSION = 4.0;
				TARGETED_DEVICE_FAMILY = "1,2";
			};
			name = Release;
		};
		FF38FF7820C717CD00538F48 /* Debug */ = {
			isa = XCBuildConfiguration;
			buildSettings = {
				ALWAYS_EMBED_SWIFT_STANDARD_LIBRARIES = YES;
				BUNDLE_LOADER = "$(TEST_HOST)";
				CODE_SIGN_STYLE = Automatic;
				DEVELOPMENT_TEAM = N42XN66DRL;
				INFOPLIST_FILE = DistanceTests/Info.plist;
				LD_RUNPATH_SEARCH_PATHS = "$(inherited) @executable_path/Frameworks @loader_path/Frameworks";
				PRODUCT_BUNDLE_IDENTIFIER = me.davidmaitland.DistanceTests;
				PRODUCT_NAME = "$(TARGET_NAME)";
				SWIFT_VERSION = 4.0;
				TARGETED_DEVICE_FAMILY = "1,2";
				TEST_HOST = "$(BUILT_PRODUCTS_DIR)/Distance.app/Distance";
			};
			name = Debug;
		};
		FF38FF7920C717CD00538F48 /* Release */ = {
			isa = XCBuildConfiguration;
			buildSettings = {
				ALWAYS_EMBED_SWIFT_STANDARD_LIBRARIES = YES;
				BUNDLE_LOADER = "$(TEST_HOST)";
				CODE_SIGN_STYLE = Automatic;
				DEVELOPMENT_TEAM = N42XN66DRL;
				INFOPLIST_FILE = DistanceTests/Info.plist;
				LD_RUNPATH_SEARCH_PATHS = "$(inherited) @executable_path/Frameworks @loader_path/Frameworks";
				PRODUCT_BUNDLE_IDENTIFIER = me.davidmaitland.DistanceTests;
				PRODUCT_NAME = "$(TARGET_NAME)";
				SWIFT_VERSION = 4.0;
				TARGETED_DEVICE_FAMILY = "1,2";
				TEST_HOST = "$(BUILT_PRODUCTS_DIR)/Distance.app/Distance";
			};
			name = Release;
		};
		FF38FF7B20C717CD00538F48 /* Debug */ = {
			isa = XCBuildConfiguration;
			buildSettings = {
				ALWAYS_EMBED_SWIFT_STANDARD_LIBRARIES = YES;
				CODE_SIGN_STYLE = Automatic;
				DEVELOPMENT_TEAM = N42XN66DRL;
				INFOPLIST_FILE = DistanceUITests/Info.plist;
				LD_RUNPATH_SEARCH_PATHS = "$(inherited) @executable_path/Frameworks @loader_path/Frameworks";
				PRODUCT_BUNDLE_IDENTIFIER = me.davidmaitland.DistanceUITests;
				PRODUCT_NAME = "$(TARGET_NAME)";
				SWIFT_VERSION = 4.0;
				TARGETED_DEVICE_FAMILY = "1,2";
				TEST_TARGET_NAME = Distance;
			};
			name = Debug;
		};
		FF38FF7C20C717CD00538F48 /* Release */ = {
			isa = XCBuildConfiguration;
			buildSettings = {
				ALWAYS_EMBED_SWIFT_STANDARD_LIBRARIES = YES;
				CODE_SIGN_STYLE = Automatic;
				DEVELOPMENT_TEAM = N42XN66DRL;
				INFOPLIST_FILE = DistanceUITests/Info.plist;
				LD_RUNPATH_SEARCH_PATHS = "$(inherited) @executable_path/Frameworks @loader_path/Frameworks";
				PRODUCT_BUNDLE_IDENTIFIER = me.davidmaitland.DistanceUITests;
				PRODUCT_NAME = "$(TARGET_NAME)";
				SWIFT_VERSION = 4.0;
				TARGETED_DEVICE_FAMILY = "1,2";
				TEST_TARGET_NAME = Distance;
			};
			name = Release;
		};
/* End XCBuildConfiguration section */

/* Begin XCConfigurationList section */
		FF38FF4420C717CD00538F48 /* Build configuration list for PBXProject "Distance" */ = {
			isa = XCConfigurationList;
			buildConfigurations = (
				FF38FF7220C717CD00538F48 /* Debug */,
				FF38FF7320C717CD00538F48 /* Release */,
			);
			defaultConfigurationIsVisible = 0;
			defaultConfigurationName = Release;
		};
		FF38FF7420C717CD00538F48 /* Build configuration list for PBXNativeTarget "Distance" */ = {
			isa = XCConfigurationList;
			buildConfigurations = (
				FF38FF7520C717CD00538F48 /* Debug */,
				FF38FF7620C717CD00538F48 /* Release */,
			);
			defaultConfigurationIsVisible = 0;
			defaultConfigurationName = Release;
		};
		FF38FF7720C717CD00538F48 /* Build configuration list for PBXNativeTarget "DistanceTests" */ = {
			isa = XCConfigurationList;
			buildConfigurations = (
				FF38FF7820C717CD00538F48 /* Debug */,
				FF38FF7920C717CD00538F48 /* Release */,
			);
			defaultConfigurationIsVisible = 0;
			defaultConfigurationName = Release;
		};
		FF38FF7A20C717CD00538F48 /* Build configuration list for PBXNativeTarget "DistanceUITests" */ = {
			isa = XCConfigurationList;
			buildConfigurations = (
				FF38FF7B20C717CD00538F48 /* Debug */,
				FF38FF7C20C717CD00538F48 /* Release */,
			);
			defaultConfigurationIsVisible = 0;
			defaultConfigurationName = Release;
		};
/* End XCConfigurationList section */

/* Begin XCVersionGroup section */
		FF38FF5320C717CD00538F48 /* Distance.xcdatamodeld */ = {
			isa = XCVersionGroup;
			children = (
				FF38FF5420C717CD00538F48 /* Distance.xcdatamodel */,
			);
			currentVersion = FF38FF5420C717CD00538F48 /* Distance.xcdatamodel */;
			path = Distance.xcdatamodeld;
			sourceTree = "<group>";
			versionGroupType = wrapper.xcdatamodel;
		};
/* End XCVersionGroup section */
	};
	rootObject = FF38FF4120C717CD00538F48 /* Project object */;
}
